
Microsoft Visual Studio Solution File, Format Version 12.00
# Visual Studio 15
VisualStudioVersion = 15.0.28307.645
MinimumVisualStudioVersion = 10.0.40219.1
Project("{FAE04EC0-301F-11D3-BF4B-00C04F79EFBC}") = "ArraysStringsDemo", "ArraysStringsDemo\ArraysStringsDemo.csproj", "{A63DE55F-54E2-4067-BAA6-7FEEC9A05CE0}"
EndProject
Global
	GlobalSection(SolutionConfigurationPlatforms) = preSolution
		Debug|Any CPU = Debug|Any CPU
		Release|Any CPU = Release|Any CPU
	EndGlobalSection
	GlobalSection(ProjectConfigurationPlatforms) = postSolution
		{A63DE55F-54E2-4067-BAA6-7FEEC9A05CE0}.Debug|Any CPU.ActiveCfg = Debug|Any CPU
		{A63DE55F-54E2-4067-BAA6-7FEEC9A05CE0}.Debug|Any CPU.Build.0 = Debug|Any CPU
		{A63DE55F-54E2-4067-BAA6-7FEEC9A05CE0}.Release|Any CPU.ActiveCfg = Release|Any CPU
		{A63DE55F-54E2-4067-BAA6-7FEEC9A05CE0}.Release|Any CPU.Build.0 = Release|Any CPU
	EndGlobalSection
	GlobalSection(SolutionProperties) = preSolution
		HideSolutionNode = FALSE
	EndGlobalSection
	GlobalSection(ExtensibilityGlobals) = postSolution
		SolutionGuid = {1B06C310-8782-44AF-9C0E-7D40A732A5E8}
	EndGlobalSection
EndGlobal
